
Microsoft Visual Studio Solution File, Format Version 12.00
# Visual Studio Version 16
VisualStudioVersion = 16.0.32228.343
MinimumVisualStudioVersion = 10.0.40219.1
Project("{FAE04EC0-301F-11D3-BF4B-00C04F79EFBC}") = "Generic_Filter", "Generic_Filter\Generic_Filter.csproj", "{70437DFF-92FB-4191-BC15-DAA4DB0B4289}"
EndProject
Global
	GlobalSection(SolutionConfigurationPlatforms) = preSolution
		Debug|Any CPU = Debug|Any CPU
		Release|Any CPU = Release|Any CPU
	EndGlobalSection
	GlobalSection(ProjectConfigurationPlatforms) = postSolution
		{70437DFF-92FB-4191-BC15-DAA4DB0B4289}.Debug|Any CPU.ActiveCfg = Debug|Any CPU
		{70437DFF-92FB-4191-BC15-DAA4DB0B4289}.Debug|Any CPU.Build.0 = Debug|Any CPU
		{70437DFF-92FB-4191-BC15-DAA4DB0B4289}.Release|Any CPU.ActiveCfg = Release|Any CPU
		{70437DFF-92FB-4191-BC15-DAA4DB0B4289}.Release|Any CPU.Build.0 = Release|Any CPU
	EndGlobalSection
	GlobalSection(SolutionProperties) = preSolution
		HideSolutionNode = FALSE
	EndGlobalSection
	GlobalSection(ExtensibilityGlobals) = postSolution
		SolutionGuid = {0B24CCA5-C980-4F8F-ACE0-38766D29A89D}
	EndGlobalSection
EndGlobal
