
Microsoft Visual Studio Solution File, Format Version 12.00
# Visual Studio Version 16
VisualStudioVersion = 16.0.32228.343
MinimumVisualStudioVersion = 10.0.40219.1
Project("{9A19103F-16F7-4668-BE54-9A1E7A4F7556}") = "Tree", "Tree\Tree.csproj", "{B358612F-2BD9-449C-8259-6355C0CB0EA5}"
EndProject
Project("{9A19103F-16F7-4668-BE54-9A1E7A4F7556}") = "TreeProcessor", "TreeProcessor\TreeProcessor.csproj", "{481BF5D3-4DD2-46DC-9222-8311E5ED3292}"
EndProject
Project("{FAE04EC0-301F-11D3-BF4B-00C04F79EFBC}") = "TestsTree", "TestsTree\TestsTree.csproj", "{84C6DEC3-0FAD-4078-BB0C-032A46DE053D}"
EndProject
Global
	GlobalSection(SolutionConfigurationPlatforms) = preSolution
		Debug|Any CPU = Debug|Any CPU
		Release|Any CPU = Release|Any CPU
	EndGlobalSection
	GlobalSection(ProjectConfigurationPlatforms) = postSolution
		{B358612F-2BD9-449C-8259-6355C0CB0EA5}.Debug|Any CPU.ActiveCfg = Debug|Any CPU
		{B358612F-2BD9-449C-8259-6355C0CB0EA5}.Debug|Any CPU.Build.0 = Debug|Any CPU
		{B358612F-2BD9-449C-8259-6355C0CB0EA5}.Release|Any CPU.ActiveCfg = Release|Any CPU
		{B358612F-2BD9-449C-8259-6355C0CB0EA5}.Release|Any CPU.Build.0 = Release|Any CPU
		{481BF5D3-4DD2-46DC-9222-8311E5ED3292}.Debug|Any CPU.ActiveCfg = Debug|Any CPU
		{481BF5D3-4DD2-46DC-9222-8311E5ED3292}.Debug|Any CPU.Build.0 = Debug|Any CPU
		{481BF5D3-4DD2-46DC-9222-8311E5ED3292}.Release|Any CPU.ActiveCfg = Release|Any CPU
		{481BF5D3-4DD2-46DC-9222-8311E5ED3292}.Release|Any CPU.Build.0 = Release|Any CPU
		{84C6DEC3-0FAD-4078-BB0C-032A46DE053D}.Debug|Any CPU.ActiveCfg = Debug|Any CPU
		{84C6DEC3-0FAD-4078-BB0C-032A46DE053D}.Debug|Any CPU.Build.0 = Debug|Any CPU
		{84C6DEC3-0FAD-4078-BB0C-032A46DE053D}.Release|Any CPU.ActiveCfg = Release|Any CPU
		{84C6DEC3-0FAD-4078-BB0C-032A46DE053D}.Release|Any CPU.Build.0 = Release|Any CPU
	EndGlobalSection
	GlobalSection(SolutionProperties) = preSolution
		HideSolutionNode = FALSE
	EndGlobalSection
	GlobalSection(ExtensibilityGlobals) = postSolution
		SolutionGuid = {16265D0F-AD30-4BE2-9833-AACFF1540539}
	EndGlobalSection
EndGlobal
