
Microsoft Visual Studio Solution File, Format Version 12.00
# Visual Studio Version 16
VisualStudioVersion = 16.0.32407.337
MinimumVisualStudioVersion = 10.0.40219.1
Project("{9A19103F-16F7-4668-BE54-9A1E7A4F7556}") = "СountdownСlock", "СountdownСlock\СountdownСlock.csproj", "{ECA724F0-3BE6-4286-A9E0-21B3F79BC3A2}"
EndProject
Project("{FAE04EC0-301F-11D3-BF4B-00C04F79EFBC}") = "TimerProcessor", "TimerProcessor\TimerProcessor.csproj", "{2D1730D6-C34C-4C69-8694-0F9A978C4C85}"
EndProject
Global
	GlobalSection(SolutionConfigurationPlatforms) = preSolution
		Debug|Any CPU = Debug|Any CPU
		Release|Any CPU = Release|Any CPU
	EndGlobalSection
	GlobalSection(ProjectConfigurationPlatforms) = postSolution
		{ECA724F0-3BE6-4286-A9E0-21B3F79BC3A2}.Debug|Any CPU.ActiveCfg = Debug|Any CPU
		{ECA724F0-3BE6-4286-A9E0-21B3F79BC3A2}.Debug|Any CPU.Build.0 = Debug|Any CPU
		{ECA724F0-3BE6-4286-A9E0-21B3F79BC3A2}.Release|Any CPU.ActiveCfg = Release|Any CPU
		{ECA724F0-3BE6-4286-A9E0-21B3F79BC3A2}.Release|Any CPU.Build.0 = Release|Any CPU
		{2D1730D6-C34C-4C69-8694-0F9A978C4C85}.Debug|Any CPU.ActiveCfg = Debug|Any CPU
		{2D1730D6-C34C-4C69-8694-0F9A978C4C85}.Debug|Any CPU.Build.0 = Debug|Any CPU
		{2D1730D6-C34C-4C69-8694-0F9A978C4C85}.Release|Any CPU.ActiveCfg = Release|Any CPU
		{2D1730D6-C34C-4C69-8694-0F9A978C4C85}.Release|Any CPU.Build.0 = Release|Any CPU
	EndGlobalSection
	GlobalSection(SolutionProperties) = preSolution
		HideSolutionNode = FALSE
	EndGlobalSection
	GlobalSection(ExtensibilityGlobals) = postSolution
		SolutionGuid = {FEB58977-07AB-4289-A464-A9D42E1AAEE0}
	EndGlobalSection
EndGlobal
